
Microsoft Visual Studio Solution File, Format Version 12.00
Project("{2150E333-8FDC-42A3-9474-1A3956D46DE8}") = "Startup", "Startup", "{D9C924EE-FDE1-4F91-9BB3-94C3B84CCA36}"
EndProject
Project("{FAE04EC0-301F-11D3-BF4B-00C04F79EFBC}") = "WakeUpServer", "WakeUpServer\WakeUpServer.csproj", "{63F44EDC-F2E4-4C78-B78C-F2E178A36AD6}"
EndProject
Project("{2150E333-8FDC-42A3-9474-1A3956D46DE8}") = "Interfaces", "Interfaces", "{D99667AF-E399-4B52-B85E-2ED4C583B76B}"
EndProject
Project("{2150E333-8FDC-42A3-9474-1A3956D46DE8}") = "Api", "Api", "{BADE963A-EAF7-4445-B905-34D76E944FD2}"
EndProject
Project("{FAE04EC0-301F-11D3-BF4B-00C04F79EFBC}") = "WakeUpServer.Api", "WakeUpServer.Api\WakeUpServer.Api.csproj", "{EE5C31BD-48D0-40E1-A5D6-02E45D2D84C9}"
EndProject
Project("{2150E333-8FDC-42A3-9474-1A3956D46DE8}") = "Features", "Features", "{EE0C54CC-111F-4077-AB2C-D9F16C51DAA6}"
EndProject
Project("{2150E333-8FDC-42A3-9474-1A3956D46DE8}") = "WakeOnLan", "WakeOnLan", "{1E4D21B2-1E04-4D7A-A5E8-357E993DD5E3}"
EndProject
Project("{FAE04EC0-301F-11D3-BF4B-00C04F79EFBC}") = "WakeUpServer.WakeOnLan", "WakeUpServer.WakeOnLan\WakeUpServer.WakeOnLan.csproj", "{92ACDBDA-1837-46CB-B20C-7B50223AB4BE}"
EndProject
Project("{FAE04EC0-301F-11D3-BF4B-00C04F79EFBC}") = "WakeUpServer.WakeOnLan.Api", "WakeUpServer.WakeOnLan.Api\WakeUpServer.WakeOnLan.Api.csproj", "{29EC081B-CA52-4A9A-BAF8-E2D3D0723376}"
EndProject
Project("{2150E333-8FDC-42A3-9474-1A3956D46DE8}") = "Common", "Common", "{CF299D3F-E093-4084-9246-DE7FAED7DABA}"
EndProject
Project("{FAE04EC0-301F-11D3-BF4B-00C04F79EFBC}") = "WakeUpServer.FileStorage", "WakeUpServer.FileStorage\WakeUpServer.FileStorage.csproj", "{262011BC-D0C3-463C-BDA1-B255EE12C947}"
EndProject
Project("{FAE04EC0-301F-11D3-BF4B-00C04F79EFBC}") = "WakeUpServer.EventBroker", "WakeUpServer.EventBroker\WakeUpServer.EventBroker.csproj", "{9F045440-C0F0-4AD6-ACE7-E5E11EA24382}"
EndProject
Project("{FAE04EC0-301F-11D3-BF4B-00C04F79EFBC}") = "WakeUpServer.Common", "WakeUpServer.Common\WakeUpServer.Common.csproj", "{DEB6BE9C-6C20-4CAE-912E-CAB6BA217D1D}"
EndProject
Project("{2150E333-8FDC-42A3-9474-1A3956D46DE8}") = "Reporting", "Reporting", "{6411B996-9F86-411E-9169-92517292ED2E}"
EndProject
Project("{FAE04EC0-301F-11D3-BF4B-00C04F79EFBC}") = "WakeUpServer.Reporting", "WakeUpServer.Reporting\WakeUpServer.Reporting.csproj", "{96709DC4-B131-4CD6-A018-B853E0305BAE}"
EndProject
Project("{FAE04EC0-301F-11D3-BF4B-00C04F79EFBC}") = "WakeUpServer.Reporting.Services", "WakeUpServer.Reporting.Services\WakeUpServer.Reporting.Services.csproj", "{E2F2541E-ABE6-4F18-9204-56A5DA8D1522}"
EndProject
Project("{FAE04EC0-301F-11D3-BF4B-00C04F79EFBC}") = "WakeUpServer.EventBroker.Autofac", "WakeUpServer.EventBroker.Autofac\WakeUpServer.EventBroker.Autofac.csproj", "{EDE864DB-9F84-4C6B-99B5-16A1D8B89C4D}"
EndProject
Global
	GlobalSection(SolutionConfigurationPlatforms) = preSolution
		Debug|Any CPU = Debug|Any CPU
		Release|Any CPU = Release|Any CPU
	EndGlobalSection
	GlobalSection(NestedProjects) = preSolution
		{63F44EDC-F2E4-4C78-B78C-F2E178A36AD6} = {D9C924EE-FDE1-4F91-9BB3-94C3B84CCA36}
		{BADE963A-EAF7-4445-B905-34D76E944FD2} = {D99667AF-E399-4B52-B85E-2ED4C583B76B}
		{EE5C31BD-48D0-40E1-A5D6-02E45D2D84C9} = {BADE963A-EAF7-4445-B905-34D76E944FD2}
		{1E4D21B2-1E04-4D7A-A5E8-357E993DD5E3} = {EE0C54CC-111F-4077-AB2C-D9F16C51DAA6}
		{92ACDBDA-1837-46CB-B20C-7B50223AB4BE} = {1E4D21B2-1E04-4D7A-A5E8-357E993DD5E3}
		{29EC081B-CA52-4A9A-BAF8-E2D3D0723376} = {1E4D21B2-1E04-4D7A-A5E8-357E993DD5E3}
		{262011BC-D0C3-463C-BDA1-B255EE12C947} = {CF299D3F-E093-4084-9246-DE7FAED7DABA}
		{9F045440-C0F0-4AD6-ACE7-E5E11EA24382} = {CF299D3F-E093-4084-9246-DE7FAED7DABA}
		{DEB6BE9C-6C20-4CAE-912E-CAB6BA217D1D} = {CF299D3F-E093-4084-9246-DE7FAED7DABA}
		{6411B996-9F86-411E-9169-92517292ED2E} = {EE0C54CC-111F-4077-AB2C-D9F16C51DAA6}
		{96709DC4-B131-4CD6-A018-B853E0305BAE} = {6411B996-9F86-411E-9169-92517292ED2E}
		{E2F2541E-ABE6-4F18-9204-56A5DA8D1522} = {6411B996-9F86-411E-9169-92517292ED2E}
		{EDE864DB-9F84-4C6B-99B5-16A1D8B89C4D} = {CF299D3F-E093-4084-9246-DE7FAED7DABA}
	EndGlobalSection
	GlobalSection(ProjectConfigurationPlatforms) = postSolution
		{63F44EDC-F2E4-4C78-B78C-F2E178A36AD6}.Debug|Any CPU.ActiveCfg = Debug|Any CPU
		{63F44EDC-F2E4-4C78-B78C-F2E178A36AD6}.Debug|Any CPU.Build.0 = Debug|Any CPU
		{63F44EDC-F2E4-4C78-B78C-F2E178A36AD6}.Release|Any CPU.ActiveCfg = Release|Any CPU
		{63F44EDC-F2E4-4C78-B78C-F2E178A36AD6}.Release|Any CPU.Build.0 = Release|Any CPU
		{EE5C31BD-48D0-40E1-A5D6-02E45D2D84C9}.Debug|Any CPU.ActiveCfg = Debug|Any CPU
		{EE5C31BD-48D0-40E1-A5D6-02E45D2D84C9}.Debug|Any CPU.Build.0 = Debug|Any CPU
		{EE5C31BD-48D0-40E1-A5D6-02E45D2D84C9}.Release|Any CPU.ActiveCfg = Release|Any CPU
		{EE5C31BD-48D0-40E1-A5D6-02E45D2D84C9}.Release|Any CPU.Build.0 = Release|Any CPU
		{92ACDBDA-1837-46CB-B20C-7B50223AB4BE}.Debug|Any CPU.ActiveCfg = Debug|Any CPU
		{92ACDBDA-1837-46CB-B20C-7B50223AB4BE}.Debug|Any CPU.Build.0 = Debug|Any CPU
		{92ACDBDA-1837-46CB-B20C-7B50223AB4BE}.Release|Any CPU.ActiveCfg = Release|Any CPU
		{92ACDBDA-1837-46CB-B20C-7B50223AB4BE}.Release|Any CPU.Build.0 = Release|Any CPU
		{29EC081B-CA52-4A9A-BAF8-E2D3D0723376}.Debug|Any CPU.ActiveCfg = Debug|Any CPU
		{29EC081B-CA52-4A9A-BAF8-E2D3D0723376}.Debug|Any CPU.Build.0 = Debug|Any CPU
		{29EC081B-CA52-4A9A-BAF8-E2D3D0723376}.Release|Any CPU.ActiveCfg = Release|Any CPU
		{29EC081B-CA52-4A9A-BAF8-E2D3D0723376}.Release|Any CPU.Build.0 = Release|Any CPU
		{262011BC-D0C3-463C-BDA1-B255EE12C947}.Debug|Any CPU.ActiveCfg = Debug|Any CPU
		{262011BC-D0C3-463C-BDA1-B255EE12C947}.Debug|Any CPU.Build.0 = Debug|Any CPU
		{262011BC-D0C3-463C-BDA1-B255EE12C947}.Release|Any CPU.ActiveCfg = Release|Any CPU
		{262011BC-D0C3-463C-BDA1-B255EE12C947}.Release|Any CPU.Build.0 = Release|Any CPU
		{9F045440-C0F0-4AD6-ACE7-E5E11EA24382}.Debug|Any CPU.ActiveCfg = Debug|Any CPU
		{9F045440-C0F0-4AD6-ACE7-E5E11EA24382}.Debug|Any CPU.Build.0 = Debug|Any CPU
		{9F045440-C0F0-4AD6-ACE7-E5E11EA24382}.Release|Any CPU.ActiveCfg = Release|Any CPU
		{9F045440-C0F0-4AD6-ACE7-E5E11EA24382}.Release|Any CPU.Build.0 = Release|Any CPU
		{DEB6BE9C-6C20-4CAE-912E-CAB6BA217D1D}.Debug|Any CPU.ActiveCfg = Debug|Any CPU
		{DEB6BE9C-6C20-4CAE-912E-CAB6BA217D1D}.Debug|Any CPU.Build.0 = Debug|Any CPU
		{DEB6BE9C-6C20-4CAE-912E-CAB6BA217D1D}.Release|Any CPU.ActiveCfg = Release|Any CPU
		{DEB6BE9C-6C20-4CAE-912E-CAB6BA217D1D}.Release|Any CPU.Build.0 = Release|Any CPU
		{96709DC4-B131-4CD6-A018-B853E0305BAE}.Debug|Any CPU.ActiveCfg = Debug|Any CPU
		{96709DC4-B131-4CD6-A018-B853E0305BAE}.Debug|Any CPU.Build.0 = Debug|Any CPU
		{96709DC4-B131-4CD6-A018-B853E0305BAE}.Release|Any CPU.ActiveCfg = Release|Any CPU
		{96709DC4-B131-4CD6-A018-B853E0305BAE}.Release|Any CPU.Build.0 = Release|Any CPU
		{E2F2541E-ABE6-4F18-9204-56A5DA8D1522}.Debug|Any CPU.ActiveCfg = Debug|Any CPU
		{E2F2541E-ABE6-4F18-9204-56A5DA8D1522}.Debug|Any CPU.Build.0 = Debug|Any CPU
		{E2F2541E-ABE6-4F18-9204-56A5DA8D1522}.Release|Any CPU.ActiveCfg = Release|Any CPU
		{E2F2541E-ABE6-4F18-9204-56A5DA8D1522}.Release|Any CPU.Build.0 = Release|Any CPU
		{EDE864DB-9F84-4C6B-99B5-16A1D8B89C4D}.Debug|Any CPU.ActiveCfg = Debug|Any CPU
		{EDE864DB-9F84-4C6B-99B5-16A1D8B89C4D}.Debug|Any CPU.Build.0 = Debug|Any CPU
		{EDE864DB-9F84-4C6B-99B5-16A1D8B89C4D}.Release|Any CPU.ActiveCfg = Release|Any CPU
		{EDE864DB-9F84-4C6B-99B5-16A1D8B89C4D}.Release|Any CPU.Build.0 = Release|Any CPU
	EndGlobalSection
EndGlobal
