
Microsoft Visual Studio Solution File, Format Version 12.00
Project("{2150E333-8FDC-42A3-9474-1A3956D46DE8}") = "Startup", "Startup", "{D9C924EE-FDE1-4F91-9BB3-94C3B84CCA36}"
EndProject
Project("{FAE04EC0-301F-11D3-BF4B-00C04F79EFBC}") = "WakeUpServer", "WakeUpServer\WakeUpServer.csproj", "{63F44EDC-F2E4-4C78-B78C-F2E178A36AD6}"
EndProject
Project("{2150E333-8FDC-42A3-9474-1A3956D46DE8}") = "Interfaces", "Interfaces", "{D99667AF-E399-4B52-B85E-2ED4C583B76B}"
EndProject
Project("{2150E333-8FDC-42A3-9474-1A3956D46DE8}") = "Api", "Api", "{BADE963A-EAF7-4445-B905-34D76E944FD2}"
EndProject
Project("{FAE04EC0-301F-11D3-BF4B-00C04F79EFBC}") = "WakeUpServer.Api", "WakeUpServer.Api\WakeUpServer.Api.csproj", "{EE5C31BD-48D0-40E1-A5D6-02E45D2D84C9}"
EndProject
Project("{2150E333-8FDC-42A3-9474-1A3956D46DE8}") = "Features", "Features", "{EE0C54CC-111F-4077-AB2C-D9F16C51DAA6}"
EndProject
Project("{2150E333-8FDC-42A3-9474-1A3956D46DE8}") = "WakeOnLan", "WakeOnLan", "{1E4D21B2-1E04-4D7A-A5E8-357E993DD5E3}"
EndProject
Project("{FAE04EC0-301F-11D3-BF4B-00C04F79EFBC}") = "WakeUpServer.WakeOnLan", "WakeUpServer.WakeOnLan\WakeUpServer.WakeOnLan.csproj", "{92ACDBDA-1837-46CB-B20C-7B50223AB4BE}"
EndProject
Project("{FAE04EC0-301F-11D3-BF4B-00C04F79EFBC}") = "WakeUpServer.WakeOnLan.Api", "WakeUpServer.WakeOnLan.Api\WakeUpServer.WakeOnLan.Api.csproj", "{29EC081B-CA52-4A9A-BAF8-E2D3D0723376}"
EndProject
Global
	GlobalSection(SolutionConfigurationPlatforms) = preSolution
		Debug|Any CPU = Debug|Any CPU
		Release|Any CPU = Release|Any CPU
	EndGlobalSection
	GlobalSection(NestedProjects) = preSolution
		{63F44EDC-F2E4-4C78-B78C-F2E178A36AD6} = {D9C924EE-FDE1-4F91-9BB3-94C3B84CCA36}
		{BADE963A-EAF7-4445-B905-34D76E944FD2} = {D99667AF-E399-4B52-B85E-2ED4C583B76B}
		{EE5C31BD-48D0-40E1-A5D6-02E45D2D84C9} = {BADE963A-EAF7-4445-B905-34D76E944FD2}
		{1E4D21B2-1E04-4D7A-A5E8-357E993DD5E3} = {EE0C54CC-111F-4077-AB2C-D9F16C51DAA6}
		{92ACDBDA-1837-46CB-B20C-7B50223AB4BE} = {1E4D21B2-1E04-4D7A-A5E8-357E993DD5E3}
		{29EC081B-CA52-4A9A-BAF8-E2D3D0723376} = {1E4D21B2-1E04-4D7A-A5E8-357E993DD5E3}
	EndGlobalSection
	GlobalSection(ProjectConfigurationPlatforms) = postSolution
		{63F44EDC-F2E4-4C78-B78C-F2E178A36AD6}.Debug|Any CPU.ActiveCfg = Debug|Any CPU
		{63F44EDC-F2E4-4C78-B78C-F2E178A36AD6}.Debug|Any CPU.Build.0 = Debug|Any CPU
		{63F44EDC-F2E4-4C78-B78C-F2E178A36AD6}.Release|Any CPU.ActiveCfg = Release|Any CPU
		{63F44EDC-F2E4-4C78-B78C-F2E178A36AD6}.Release|Any CPU.Build.0 = Release|Any CPU
		{EE5C31BD-48D0-40E1-A5D6-02E45D2D84C9}.Debug|Any CPU.ActiveCfg = Debug|Any CPU
		{EE5C31BD-48D0-40E1-A5D6-02E45D2D84C9}.Debug|Any CPU.Build.0 = Debug|Any CPU
		{EE5C31BD-48D0-40E1-A5D6-02E45D2D84C9}.Release|Any CPU.ActiveCfg = Release|Any CPU
		{EE5C31BD-48D0-40E1-A5D6-02E45D2D84C9}.Release|Any CPU.Build.0 = Release|Any CPU
		{92ACDBDA-1837-46CB-B20C-7B50223AB4BE}.Debug|Any CPU.ActiveCfg = Debug|Any CPU
		{92ACDBDA-1837-46CB-B20C-7B50223AB4BE}.Debug|Any CPU.Build.0 = Debug|Any CPU
		{92ACDBDA-1837-46CB-B20C-7B50223AB4BE}.Release|Any CPU.ActiveCfg = Release|Any CPU
		{92ACDBDA-1837-46CB-B20C-7B50223AB4BE}.Release|Any CPU.Build.0 = Release|Any CPU
		{29EC081B-CA52-4A9A-BAF8-E2D3D0723376}.Debug|Any CPU.ActiveCfg = Debug|Any CPU
		{29EC081B-CA52-4A9A-BAF8-E2D3D0723376}.Debug|Any CPU.Build.0 = Debug|Any CPU
		{29EC081B-CA52-4A9A-BAF8-E2D3D0723376}.Release|Any CPU.ActiveCfg = Release|Any CPU
		{29EC081B-CA52-4A9A-BAF8-E2D3D0723376}.Release|Any CPU.Build.0 = Release|Any CPU
	EndGlobalSection
EndGlobal
